Microsoft Visual Studio Solution File, Format Version 7.00
Project("{8BC9CEB8-8B4A-11D0-8D11-00A0C91BC942}") = "CDRLoader", "CDRLoader.vcproj", "{2A5E0315-303C-4D64-BB2C-EC7906E4470F}"
EndProject
Global
	GlobalSection(SolutionConfiguration) = preSolution
		ConfigName.0 = Debug
		ConfigName.1 = Release
		ConfigName.2 = Unicode Debug
	EndGlobalSection
	GlobalSection(ProjectDependencies) = postSolution
	EndGlobalSection
	GlobalSection(ProjectConfiguration) = postSolution
		{2A5E0315-303C-4D64-BB2C-EC7906E4470F}.Debug.ActiveCfg = Debug|Win32
		{2A5E0315-303C-4D64-BB2C-EC7906E4470F}.Debug.Build.0 = Debug|Win32
		{2A5E0315-303C-4D64-BB2C-EC7906E4470F}.Release.ActiveCfg = Release|Win32
		{2A5E0315-303C-4D64-BB2C-EC7906E4470F}.Release.Build.0 = Release|Win32
		{2A5E0315-303C-4D64-BB2C-EC7906E4470F}.Unicode Debug.ActiveCfg = Unicode|Win32
		{2A5E0315-303C-4D64-BB2C-EC7906E4470F}.Unicode Debug.Build.0 = Unicode|Win32
	EndGlobalSection
	GlobalSection(SolutionItems) = postSolution
		Item:1 = CDRLoader.cmd
		Item:2 = CDRLoader.ini
		Item:3 = SetupCDRLoader.cmd
		Item:4 = unzip.exe
	EndGlobalSection
	GlobalSection(ExtensibilityGlobals) = postSolution
	EndGlobalSection
	GlobalSection(ExtensibilityAddIns) = postSolution
	EndGlobalSection
EndGlobal
