
Microsoft Visual Studio Solution File, Format Version 12.00
# Visual Studio Version 16
VisualStudioVersion = 16.0.29215.179
MinimumVisualStudioVersion = 10.0.40219.1
Project("{8BC9CEB8-8B4A-11D0-8D11-00A0C91BC942}") = "CdrClient", "CdrClient.vcxproj", "{BA926CD5-549A-426A-B7E2-C009BAF601BA}"
EndProject
Global
	GlobalSection(SolutionConfigurationPlatforms) = preSolution
		Debug|Win32 = Debug|Win32
		Debug|x64 = Debug|x64
		Release|Win32 = Release|Win32
		Release|x64 = Release|x64
		Template|Win32 = Template|Win32
		Template|x64 = Template|x64
	EndGlobalSection
	GlobalSection(ProjectConfigurationPlatforms) = postSolution
		{BA926CD5-549A-426A-B7E2-C009BAF601BA}.Debug|Win32.ActiveCfg = Debug|Win32
		{BA926CD5-549A-426A-B7E2-C009BAF601BA}.Debug|Win32.Build.0 = Debug|Win32
		{BA926CD5-549A-426A-B7E2-C009BAF601BA}.Debug|x64.ActiveCfg = Debug|x64
		{BA926CD5-549A-426A-B7E2-C009BAF601BA}.Debug|x64.Build.0 = Debug|x64
		{BA926CD5-549A-426A-B7E2-C009BAF601BA}.Release|Win32.ActiveCfg = Release|Win32
		{BA926CD5-549A-426A-B7E2-C009BAF601BA}.Release|Win32.Build.0 = Release|Win32
		{BA926CD5-549A-426A-B7E2-C009BAF601BA}.Release|x64.ActiveCfg = Release|x64
		{BA926CD5-549A-426A-B7E2-C009BAF601BA}.Release|x64.Build.0 = Release|x64
		{BA926CD5-549A-426A-B7E2-C009BAF601BA}.Template|Win32.ActiveCfg = Template|Win32
		{BA926CD5-549A-426A-B7E2-C009BAF601BA}.Template|Win32.Build.0 = Template|Win32
		{BA926CD5-549A-426A-B7E2-C009BAF601BA}.Template|x64.ActiveCfg = Template|x64
		{BA926CD5-549A-426A-B7E2-C009BAF601BA}.Template|x64.Build.0 = Template|x64
	EndGlobalSection
	GlobalSection(SolutionProperties) = preSolution
		HideSolutionNode = FALSE
	EndGlobalSection
	GlobalSection(ExtensibilityGlobals) = postSolution
		SolutionGuid = {0F6C5A11-379F-416B-86B4-3E772659ED40}
	EndGlobalSection
EndGlobal
