Microsoft Visual Studio Solution File, Format Version 8.00
Project("{8BC9CEB8-8B4A-11D0-8D11-00A0C91BC942}") = "Cdr", "Cdr.vcproj", "{D2C5BC43-6389-4D77-BE93-81FBBBD2E3BE}"
	ProjectSection(ProjectDependencies) = postProject
	EndProjectSection
EndProject
Global
	GlobalSection(SolutionConfiguration) = preSolution
		Debug = Debug
		Release MinDependency = Release MinDependency
		Release MinSize = Release MinSize
		Unicode Debug = Unicode Debug
		Unicode Release MinDependency = Unicode Release MinDependency
		Unicode Release MinSize = Unicode Release MinSize
	EndGlobalSection
	GlobalSection(ProjectConfiguration) = postSolution
		{D2C5BC43-6389-4D77-BE93-81FBBBD2E3BE}.Debug.ActiveCfg = Debug|Win32
		{D2C5BC43-6389-4D77-BE93-81FBBBD2E3BE}.Debug.Build.0 = Debug|Win32
		{D2C5BC43-6389-4D77-BE93-81FBBBD2E3BE}.Release MinDependency.ActiveCfg = Release MinDependency|Win32
		{D2C5BC43-6389-4D77-BE93-81FBBBD2E3BE}.Release MinDependency.Build.0 = Release MinDependency|Win32
		{D2C5BC43-6389-4D77-BE93-81FBBBD2E3BE}.Release MinSize.ActiveCfg = Release MinSize|Win32
		{D2C5BC43-6389-4D77-BE93-81FBBBD2E3BE}.Release MinSize.Build.0 = Release MinSize|Win32
		{D2C5BC43-6389-4D77-BE93-81FBBBD2E3BE}.Unicode Debug.ActiveCfg = Unicode Debug|Win32
		{D2C5BC43-6389-4D77-BE93-81FBBBD2E3BE}.Unicode Debug.Build.0 = Unicode Debug|Win32
		{D2C5BC43-6389-4D77-BE93-81FBBBD2E3BE}.Unicode Release MinDependency.ActiveCfg = Unicode Release MinDependency|Win32
		{D2C5BC43-6389-4D77-BE93-81FBBBD2E3BE}.Unicode Release MinDependency.Build.0 = Unicode Release MinDependency|Win32
		{D2C5BC43-6389-4D77-BE93-81FBBBD2E3BE}.Unicode Release MinSize.ActiveCfg = Unicode Release MinSize|Win32
		{D2C5BC43-6389-4D77-BE93-81FBBBD2E3BE}.Unicode Release MinSize.Build.0 = Unicode Release MinSize|Win32
	EndGlobalSection
	GlobalSection(ExtensibilityGlobals) = postSolution
	EndGlobalSection
	GlobalSection(ExtensibilityAddIns) = postSolution
	EndGlobalSection
EndGlobal
