Microsoft Visual Studio Solution File, Format Version 11.00
# Visual Studio 2010
Project("{8BC9CEB8-8B4A-11D0-8D11-00A0C91BC942}") = "Cdr", "Cdr.vcxproj", "{7B7BA3EF-5BE7-B56F-E5E5-3BAF8F2B119D}"
EndProject
Global
	GlobalSection(SolutionConfigurationPlatforms) = preSolution
		Debug|Win32 = Debug|Win32
		Release MinDependency|Win32 = Release MinDependency|Win32
		Release MinSize|Win32 = Release MinSize|Win32
		Template|Win32 = Template|Win32
		Unicode Debug|Win32 = Unicode Debug|Win32
		Unicode Release MinDependency|Win32 = Unicode Release MinDependency|Win32
		Unicode Release MinSize|Win32 = Unicode Release MinSize|Win32
	EndGlobalSection
	GlobalSection(ProjectConfigurationPlatforms) = postSolution
		{7B7BA3EF-5BE7-B56F-E5E5-3BAF8F2B119D}.Debug|Win32.ActiveCfg = Debug|Win32
		{7B7BA3EF-5BE7-B56F-E5E5-3BAF8F2B119D}.Release MinDependency|Win32.ActiveCfg = Release MinDependency|Win32
		{7B7BA3EF-5BE7-B56F-E5E5-3BAF8F2B119D}.Release MinSize|Win32.ActiveCfg = Release MinSize|Win32
		{7B7BA3EF-5BE7-B56F-E5E5-3BAF8F2B119D}.Template|Win32.ActiveCfg = Template|Win32
		{7B7BA3EF-5BE7-B56F-E5E5-3BAF8F2B119D}.Template|Win32.Build.0 = Template|Win32
		{7B7BA3EF-5BE7-B56F-E5E5-3BAF8F2B119D}.Unicode Debug|Win32.ActiveCfg = Unicode Debug|Win32
		{7B7BA3EF-5BE7-B56F-E5E5-3BAF8F2B119D}.Unicode Release MinDependency|Win32.ActiveCfg = Unicode Release MinDependency|Win32
		{7B7BA3EF-5BE7-B56F-E5E5-3BAF8F2B119D}.Unicode Release MinSize|Win32.ActiveCfg = Unicode Release MinSize|Win32
	EndGlobalSection
	GlobalSection(SolutionProperties) = preSolution
		HideSolutionNode = FALSE
	EndGlobalSection
EndGlobal
